
Microsoft Visual Studio Solution File, Format Version 12.00
# Visual Studio Version 17
VisualStudioVersion = 17.14.36414.22 d17.14
MinimumVisualStudioVersion = 10.0.40219.1
Project("{FAE04EC0-301F-11D3-BF4B-00C04F79EFBC}") = "BetterCalculator", "BetterCalculator\BetterCalculator.csproj", "{8C44B8D7-9C0E-49D4-BF1C-6F24114296CC}"
EndProject
Global
	GlobalSection(SolutionConfigurationPlatforms) = preSolution
		Debug|Any CPU = Debug|Any CPU
		Release|Any CPU = Release|Any CPU
	EndGlobalSection
	GlobalSection(ProjectConfigurationPlatforms) = postSolution
		{8C44B8D7-9C0E-49D4-BF1C-6F24114296CC}.Debug|Any CPU.ActiveCfg = Debug|Any CPU
		{8C44B8D7-9C0E-49D4-BF1C-6F24114296CC}.Debug|Any CPU.Build.0 = Debug|Any CPU
		{8C44B8D7-9C0E-49D4-BF1C-6F24114296CC}.Release|Any CPU.ActiveCfg = Release|Any CPU
		{8C44B8D7-9C0E-49D4-BF1C-6F24114296CC}.Release|Any CPU.Build.0 = Release|Any CPU
	EndGlobalSection
	GlobalSection(SolutionProperties) = preSolution
		HideSolutionNode = FALSE
	EndGlobalSection
	GlobalSection(ExtensibilityGlobals) = postSolution
		SolutionGuid = {6F4349A4-025A-484F-930D-FFC9F637CACE}
	EndGlobalSection
EndGlobal
